
Microsoft Visual Studio Solution File, Format Version 12.00
# Visual Studio 14
VisualStudioVersion = 14.0.24720.0
MinimumVisualStudioVersion = 10.0.40219.1
Project("{FAE04EC0-301F-11D3-BF4B-00C04F79EFBC}") = "PartitionedGraph", "PartitionedGraph\PartitionedGraph.csproj", "{A73E37AD-C675-4AB3-AB2B-4F20F040381C}"
EndProject
Global
	GlobalSection(SolutionConfigurationPlatforms) = preSolution
		Debug|Any CPU = Debug|Any CPU
		Release|Any CPU = Release|Any CPU
	EndGlobalSection
	GlobalSection(ProjectConfigurationPlatforms) = postSolution
		{A73E37AD-C675-4AB3-AB2B-4F20F040381C}.Debug|Any CPU.ActiveCfg = Debug|Any CPU
		{A73E37AD-C675-4AB3-AB2B-4F20F040381C}.Debug|Any CPU.Build.0 = Debug|Any CPU
		{A73E37AD-C675-4AB3-AB2B-4F20F040381C}.Release|Any CPU.ActiveCfg = Release|Any CPU
		{A73E37AD-C675-4AB3-AB2B-4F20F040381C}.Release|Any CPU.Build.0 = Release|Any CPU
	EndGlobalSection
	GlobalSection(SolutionProperties) = preSolution
		HideSolutionNode = FALSE
	EndGlobalSection
EndGlobal
